
Microsoft Visual Studio Solution File, Format Version 12.00
# Visual Studio Version 17
VisualStudioVersion = 17.0.31919.166
MinimumVisualStudioVersion = 10.0.40219.1
Project("{FAE04EC0-301F-11D3-BF4B-00C04F79EFBC}") = "Kurs", "Kurs\Kurs.csproj", "{4D62103B-64AD-45D9-BE71-A2359718567B}"
EndProject
Global
	GlobalSection(SolutionConfigurationPlatforms) = preSolution
		Debug|Any CPU = Debug|Any CPU
		Release|Any CPU = Release|Any CPU
	EndGlobalSection
	GlobalSection(ProjectConfigurationPlatforms) = postSolution
		{4D62103B-64AD-45D9-BE71-A2359718567B}.Debug|Any CPU.ActiveCfg = Debug|Any CPU
		{4D62103B-64AD-45D9-BE71-A2359718567B}.Debug|Any CPU.Build.0 = Debug|Any CPU
		{4D62103B-64AD-45D9-BE71-A2359718567B}.Release|Any CPU.ActiveCfg = Release|Any CPU
		{4D62103B-64AD-45D9-BE71-A2359718567B}.Release|Any CPU.Build.0 = Release|Any CPU
	EndGlobalSection
	GlobalSection(SolutionProperties) = preSolution
		HideSolutionNode = FALSE
	EndGlobalSection
	GlobalSection(ExtensibilityGlobals) = postSolution
		SolutionGuid = {0828F1B3-8323-428F-BD79-8B6E6C458FC8}
	EndGlobalSection
EndGlobal
1
2
3
